Microsoft Visual Studio Solution File, Format Version 11.00
# Visual Studio 2010
Project("{8BC9CEB8-8B4A-11D0-8D11-00A0C91BC942}") = "FableMod.Gfx", "FableMod.Gfx\FableMod.Gfx.vcxproj", "{A9105A9B-D718-47B8-9F43-BC63BB1888EF}"
EndProject
Project("{8BC9CEB8-8B4A-11D0-8D11-00A0C91BC942}") = "FableMod.Gfx.Integration", "FableMod.Gfx.Integration\FableMod.Gfx.Integration.vcxproj", "{D18EA09F-ECC6-4482-8AF6-6E40398E5357}"
EndProject
Project("{8BC9CEB8-8B4A-11D0-8D11-00A0C91BC942}") = "FableMod.BIN", "FableMod.BIN\FableMod.BIN.vcxproj", "{57EF8482-CD6C-4ADC-A444-F8B73ABB582D}"
EndProject
Project("{8BC9CEB8-8B4A-11D0-8D11-00A0C91BC942}") = "FableMod.CLRCore", "FableMod.CLRCore\FableMod.CLRCore.vcxproj", "{ADE13B3E-5287-4878-B197-8E75A68CCEC0}"
EndProject
Project("{8BC9CEB8-8B4A-11D0-8D11-00A0C91BC942}") = "FableMod.BIG", "FableMod.BIG\FableMod.BIG.vcxproj", "{BBAFE9BA-2D29-49D9-9A15-F3CB040A849C}"
EndProject
Project("{FAE04EC0-301F-11D3-BF4B-00C04F79EFBC}") = "ChocolateBox", "ChocolateBox\ChocolateBox.csproj", "{0EDDB0F3-CB8F-45C3-9F23-ACF92D3E921D}"
EndProject
Project("{8BC9CEB8-8B4A-11D0-8D11-00A0C91BC942}") = "FableMod.Data", "FableMod.Data\FableMod.Data.vcxproj", "{C18DCE8C-7372-46BF-8A4B-5B9E05B795A3}"
	ProjectSection(ProjectDependencies) = postProject
		{209F95FC-FBB2-44D1-BCDF-3F9399A19DEE} = {209F95FC-FBB2-44D1-BCDF-3F9399A19DEE}
	EndProjectSection
EndProject
Project("{8BC9CEB8-8B4A-11D0-8D11-00A0C91BC942}") = "FableMod.LEV", "FableMod.LEV\FableMod.LEV.vcxproj", "{ECA52FC3-B9CB-4E04-8CEB-B0691F607D0D}"
EndProject
Project("{8BC9CEB8-8B4A-11D0-8D11-00A0C91BC942}") = "FableMod.ContentManagement", "FableMod.ContentManagement\FableMod.ContentManagement.vcxproj", "{0EF2C498-F56B-4F47-9386-1814FE842886}"
EndProject
Project("{FAE04EC0-301F-11D3-BF4B-00C04F79EFBC}") = "FableMod.Content.Forms", "FableMod.Content.Forms\FableMod.Content.Forms.csproj", "{C9A32CFF-3E9C-4481-9EA9-0D1FDB3DC88A}"
EndProject
Project("{8BC9CEB8-8B4A-11D0-8D11-00A0C91BC942}") = "FableMod.TNG", "FableMod.TNG\FableMod.TNG.vcxproj", "{56C2E5DB-D84B-456C-A0F2-B1316D410B30}"
EndProject
Project("{8BC9CEB8-8B4A-11D0-8D11-00A0C91BC942}") = "FableMod.BBB", "FableMod.BBB\FableMod.BBB.vcxproj", "{0B906398-AC90-40B8-B453-EE5C66D91712}"
EndProject
Project("{8BC9CEB8-8B4A-11D0-8D11-00A0C91BC942}") = "FableMod.STB", "FableMod.STB\FableMod.STB.vcxproj", "{E54A256F-C57F-48A7-B181-6C03CADD0307}"
EndProject
Project("{FAE04EC0-301F-11D3-BF4B-00C04F79EFBC}") = "FableMod.Forms", "FableMod.Forms\FableMod.Forms.csproj", "{56637B2C-DE0D-483D-9FFE-0BA5D98D0055}"
EndProject
Project("{8BC9CEB8-8B4A-11D0-8D11-00A0C91BC942}") = "zlib", "libs\zlib\projects\visualc8\zlib.vcxproj", "{209F95FC-FBB2-44D1-BCDF-3F9399A19DEE}"
EndProject
Project("{FAE04EC0-301F-11D3-BF4B-00C04F79EFBC}") = "FableMod.Script", "FableMod.Script\FableMod.Script.csproj", "{4A5A6AAB-B7FE-4AD0-9DB1-A2112AC134D2}"
EndProject
Project("{FAE04EC0-301F-11D3-BF4B-00C04F79EFBC}") = "FableMod.WLD", "FableMod.WLD\FableMod.WLD.csproj", "{EF85F72C-231A-440B-AB8A-DB23921254D1}"
EndProject
Global
	GlobalSection(SolutionConfigurationPlatforms) = preSolution
		Debug|x64 = Debug|x64
		Debug|x86 = Debug|x86
		Release|x64 = Release|x64
		Release|x86 = Release|x86
	EndGlobalSection
	GlobalSection(ProjectConfigurationPlatforms) = postSolution
		{A9105A9B-D718-47B8-9F43-BC63BB1888EF}.Debug|x64.ActiveCfg = Debug|x64
		{A9105A9B-D718-47B8-9F43-BC63BB1888EF}.Debug|x64.Build.0 = Debug|x64
		{A9105A9B-D718-47B8-9F43-BC63BB1888EF}.Debug|x86.ActiveCfg = Debug|Win32
		{A9105A9B-D718-47B8-9F43-BC63BB1888EF}.Debug|x86.Build.0 = Debug|Win32
		{A9105A9B-D718-47B8-9F43-BC63BB1888EF}.Release|x64.ActiveCfg = Release|x64
		{A9105A9B-D718-47B8-9F43-BC63BB1888EF}.Release|x64.Build.0 = Release|x64
		{A9105A9B-D718-47B8-9F43-BC63BB1888EF}.Release|x86.ActiveCfg = Release|Win32
		{A9105A9B-D718-47B8-9F43-BC63BB1888EF}.Release|x86.Build.0 = Release|Win32
		{D18EA09F-ECC6-4482-8AF6-6E40398E5357}.Debug|x64.ActiveCfg = Debug|x64
		{D18EA09F-ECC6-4482-8AF6-6E40398E5357}.Debug|x64.Build.0 = Debug|x64
		{D18EA09F-ECC6-4482-8AF6-6E40398E5357}.Debug|x86.ActiveCfg = Debug|Win32
		{D18EA09F-ECC6-4482-8AF6-6E40398E5357}.Debug|x86.Build.0 = Debug|Win32
		{D18EA09F-ECC6-4482-8AF6-6E40398E5357}.Release|x64.ActiveCfg = Release|x64
		{D18EA09F-ECC6-4482-8AF6-6E40398E5357}.Release|x64.Build.0 = Release|x64
		{D18EA09F-ECC6-4482-8AF6-6E40398E5357}.Release|x86.ActiveCfg = Release|Win32
		{D18EA09F-ECC6-4482-8AF6-6E40398E5357}.Release|x86.Build.0 = Release|Win32
		{57EF8482-CD6C-4ADC-A444-F8B73ABB582D}.Debug|x64.ActiveCfg = Debug|x64
		{57EF8482-CD6C-4ADC-A444-F8B73ABB582D}.Debug|x64.Build.0 = Debug|x64
		{57EF8482-CD6C-4ADC-A444-F8B73ABB582D}.Debug|x86.ActiveCfg = Debug|Win32
		{57EF8482-CD6C-4ADC-A444-F8B73ABB582D}.Debug|x86.Build.0 = Debug|Win32
		{57EF8482-CD6C-4ADC-A444-F8B73ABB582D}.Release|x64.ActiveCfg = Release|x64
		{57EF8482-CD6C-4ADC-A444-F8B73ABB582D}.Release|x64.Build.0 = Release|x64
		{57EF8482-CD6C-4ADC-A444-F8B73ABB582D}.Release|x86.ActiveCfg = Release|Win32
		{57EF8482-CD6C-4ADC-A444-F8B73ABB582D}.Release|x86.Build.0 = Release|Win32
		{ADE13B3E-5287-4878-B197-8E75A68CCEC0}.Debug|x64.ActiveCfg = Debug|x64
		{ADE13B3E-5287-4878-B197-8E75A68CCEC0}.Debug|x64.Build.0 = Debug|x64
		{ADE13B3E-5287-4878-B197-8E75A68CCEC0}.Debug|x86.ActiveCfg = Debug|Win32
		{ADE13B3E-5287-4878-B197-8E75A68CCEC0}.Debug|x86.Build.0 = Debug|Win32
		{ADE13B3E-5287-4878-B197-8E75A68CCEC0}.Release|x64.ActiveCfg = Release|x64
		{ADE13B3E-5287-4878-B197-8E75A68CCEC0}.Release|x64.Build.0 = Release|x64
		{ADE13B3E-5287-4878-B197-8E75A68CCEC0}.Release|x86.ActiveCfg = Release|Win32
		{ADE13B3E-5287-4878-B197-8E75A68CCEC0}.Release|x86.Build.0 = Release|Win32
		{BBAFE9BA-2D29-49D9-9A15-F3CB040A849C}.Debug|x64.ActiveCfg = Debug|x64
		{BBAFE9BA-2D29-49D9-9A15-F3CB040A849C}.Debug|x64.Build.0 = Debug|x64
		{BBAFE9BA-2D29-49D9-9A15-F3CB040A849C}.Debug|x86.ActiveCfg = Debug|Win32
		{BBAFE9BA-2D29-49D9-9A15-F3CB040A849C}.Debug|x86.Build.0 = Debug|Win32
		{BBAFE9BA-2D29-49D9-9A15-F3CB040A849C}.Release|x64.ActiveCfg = Release|x64
		{BBAFE9BA-2D29-49D9-9A15-F3CB040A849C}.Release|x64.Build.0 = Release|x64
		{BBAFE9BA-2D29-49D9-9A15-F3CB040A849C}.Release|x86.ActiveCfg = Release|Win32
		{BBAFE9BA-2D29-49D9-9A15-F3CB040A849C}.Release|x86.Build.0 = Release|Win32
		{0EDDB0F3-CB8F-45C3-9F23-ACF92D3E921D}.Debug|x64.ActiveCfg = Debug|x64
		{0EDDB0F3-CB8F-45C3-9F23-ACF92D3E921D}.Debug|x64.Build.0 = Debug|x64
		{0EDDB0F3-CB8F-45C3-9F23-ACF92D3E921D}.Debug|x86.ActiveCfg = Debug|x86
		{0EDDB0F3-CB8F-45C3-9F23-ACF92D3E921D}.Debug|x86.Build.0 = Debug|x86
		{0EDDB0F3-CB8F-45C3-9F23-ACF92D3E921D}.Release|x64.ActiveCfg = Release|x64
		{0EDDB0F3-CB8F-45C3-9F23-ACF92D3E921D}.Release|x64.Build.0 = Release|x64
		{0EDDB0F3-CB8F-45C3-9F23-ACF92D3E921D}.Release|x86.ActiveCfg = Release|x86
		{C18DCE8C-7372-46BF-8A4B-5B9E05B795A3}.Debug|x64.ActiveCfg = Debug|x64
		{C18DCE8C-7372-46BF-8A4B-5B9E05B795A3}.Debug|x64.Build.0 = Debug|x64
		{C18DCE8C-7372-46BF-8A4B-5B9E05B795A3}.Debug|x86.ActiveCfg = Debug|Win32
		{C18DCE8C-7372-46BF-8A4B-5B9E05B795A3}.Debug|x86.Build.0 = Debug|Win32
		{C18DCE8C-7372-46BF-8A4B-5B9E05B795A3}.Release|x64.ActiveCfg = Release|x64
		{C18DCE8C-7372-46BF-8A4B-5B9E05B795A3}.Release|x64.Build.0 = Release|x64
		{C18DCE8C-7372-46BF-8A4B-5B9E05B795A3}.Release|x86.ActiveCfg = Release|Win32
		{C18DCE8C-7372-46BF-8A4B-5B9E05B795A3}.Release|x86.Build.0 = Release|Win32
		{ECA52FC3-B9CB-4E04-8CEB-B0691F607D0D}.Debug|x64.ActiveCfg = Debug|x64
		{ECA52FC3-B9CB-4E04-8CEB-B0691F607D0D}.Debug|x64.Build.0 = Debug|x64
		{ECA52FC3-B9CB-4E04-8CEB-B0691F607D0D}.Debug|x86.ActiveCfg = Debug|Win32
		{ECA52FC3-B9CB-4E04-8CEB-B0691F607D0D}.Debug|x86.Build.0 = Debug|Win32
		{ECA52FC3-B9CB-4E04-8CEB-B0691F607D0D}.Release|x64.ActiveCfg = Release|x64
		{ECA52FC3-B9CB-4E04-8CEB-B0691F607D0D}.Release|x64.Build.0 = Release|x64
		{ECA52FC3-B9CB-4E04-8CEB-B0691F607D0D}.Release|x86.ActiveCfg = Release|Win32
		{ECA52FC3-B9CB-4E04-8CEB-B0691F607D0D}.Release|x86.Build.0 = Release|Win32
		{0EF2C498-F56B-4F47-9386-1814FE842886}.Debug|x64.ActiveCfg = Debug|x64
		{0EF2C498-F56B-4F47-9386-1814FE842886}.Debug|x64.Build.0 = Debug|x64
		{0EF2C498-F56B-4F47-9386-1814FE842886}.Debug|x86.ActiveCfg = Debug|Win32
		{0EF2C498-F56B-4F47-9386-1814FE842886}.Debug|x86.Build.0 = Debug|Win32
		{0EF2C498-F56B-4F47-9386-1814FE842886}.Release|x64.ActiveCfg = Release|x64
		{0EF2C498-F56B-4F47-9386-1814FE842886}.Release|x64.Build.0 = Release|x64
		{0EF2C498-F56B-4F47-9386-1814FE842886}.Release|x86.ActiveCfg = Release|Win32
		{0EF2C498-F56B-4F47-9386-1814FE842886}.Release|x86.Build.0 = Release|Win32
		{C9A32CFF-3E9C-4481-9EA9-0D1FDB3DC88A}.Debug|x64.ActiveCfg = Debug|x64
		{C9A32CFF-3E9C-4481-9EA9-0D1FDB3DC88A}.Debug|x64.Build.0 = Debug|x64
		{C9A32CFF-3E9C-4481-9EA9-0D1FDB3DC88A}.Debug|x86.ActiveCfg = Debug|x86
		{C9A32CFF-3E9C-4481-9EA9-0D1FDB3DC88A}.Debug|x86.Build.0 = Debug|x86
		{C9A32CFF-3E9C-4481-9EA9-0D1FDB3DC88A}.Release|x64.ActiveCfg = Release|x64
		{C9A32CFF-3E9C-4481-9EA9-0D1FDB3DC88A}.Release|x64.Build.0 = Release|x64
		{C9A32CFF-3E9C-4481-9EA9-0D1FDB3DC88A}.Release|x86.ActiveCfg = Release|x86
		{56C2E5DB-D84B-456C-A0F2-B1316D410B30}.Debug|x64.ActiveCfg = Debug|x64
		{56C2E5DB-D84B-456C-A0F2-B1316D410B30}.Debug|x64.Build.0 = Debug|x64
		{56C2E5DB-D84B-456C-A0F2-B1316D410B30}.Debug|x86.ActiveCfg = Debug|Win32
		{56C2E5DB-D84B-456C-A0F2-B1316D410B30}.Debug|x86.Build.0 = Debug|Win32
		{56C2E5DB-D84B-456C-A0F2-B1316D410B30}.Release|x64.ActiveCfg = Release|x64
		{56C2E5DB-D84B-456C-A0F2-B1316D410B30}.Release|x64.Build.0 = Release|x64
		{56C2E5DB-D84B-456C-A0F2-B1316D410B30}.Release|x86.ActiveCfg = Release|Win32
		{56C2E5DB-D84B-456C-A0F2-B1316D410B30}.Release|x86.Build.0 = Release|Win32
		{0B906398-AC90-40B8-B453-EE5C66D91712}.Debug|x64.ActiveCfg = Debug|x64
		{0B906398-AC90-40B8-B453-EE5C66D91712}.Debug|x64.Build.0 = Debug|x64
		{0B906398-AC90-40B8-B453-EE5C66D91712}.Debug|x86.ActiveCfg = Debug|Win32
		{0B906398-AC90-40B8-B453-EE5C66D91712}.Debug|x86.Build.0 = Debug|Win32
		{0B906398-AC90-40B8-B453-EE5C66D91712}.Release|x64.ActiveCfg = Release|x64
		{0B906398-AC90-40B8-B453-EE5C66D91712}.Release|x64.Build.0 = Release|x64
		{0B906398-AC90-40B8-B453-EE5C66D91712}.Release|x86.ActiveCfg = Release|Win32
		{0B906398-AC90-40B8-B453-EE5C66D91712}.Release|x86.Build.0 = Release|Win32
		{E54A256F-C57F-48A7-B181-6C03CADD0307}.Debug|x64.ActiveCfg = Debug|x64
		{E54A256F-C57F-48A7-B181-6C03CADD0307}.Debug|x64.Build.0 = Debug|x64
		{E54A256F-C57F-48A7-B181-6C03CADD0307}.Debug|x86.ActiveCfg = Debug|Win32
		{E54A256F-C57F-48A7-B181-6C03CADD0307}.Debug|x86.Build.0 = Debug|Win32
		{E54A256F-C57F-48A7-B181-6C03CADD0307}.Release|x64.ActiveCfg = Release|x64
		{E54A256F-C57F-48A7-B181-6C03CADD0307}.Release|x64.Build.0 = Release|x64
		{E54A256F-C57F-48A7-B181-6C03CADD0307}.Release|x86.ActiveCfg = Release|Win32
		{E54A256F-C57F-48A7-B181-6C03CADD0307}.Release|x86.Build.0 = Release|Win32
		{56637B2C-DE0D-483D-9FFE-0BA5D98D0055}.Debug|x64.ActiveCfg = Debug|x64
		{56637B2C-DE0D-483D-9FFE-0BA5D98D0055}.Debug|x64.Build.0 = Debug|x64
		{56637B2C-DE0D-483D-9FFE-0BA5D98D0055}.Debug|x86.ActiveCfg = Debug|x86
		{56637B2C-DE0D-483D-9FFE-0BA5D98D0055}.Debug|x86.Build.0 = Debug|x86
		{56637B2C-DE0D-483D-9FFE-0BA5D98D0055}.Release|x64.ActiveCfg = Release|x64
		{56637B2C-DE0D-483D-9FFE-0BA5D98D0055}.Release|x64.Build.0 = Release|x64
		{56637B2C-DE0D-483D-9FFE-0BA5D98D0055}.Release|x86.ActiveCfg = Release|x86
		{209F95FC-FBB2-44D1-BCDF-3F9399A19DEE}.Debug|x64.ActiveCfg = LIB Debug|x64
		{209F95FC-FBB2-44D1-BCDF-3F9399A19DEE}.Debug|x64.Build.0 = LIB Debug|x64
		{209F95FC-FBB2-44D1-BCDF-3F9399A19DEE}.Debug|x86.ActiveCfg = LIB Debug|Win32
		{209F95FC-FBB2-44D1-BCDF-3F9399A19DEE}.Debug|x86.Build.0 = LIB Debug|Win32
		{209F95FC-FBB2-44D1-BCDF-3F9399A19DEE}.Release|x64.ActiveCfg = LIB Release|x64
		{209F95FC-FBB2-44D1-BCDF-3F9399A19DEE}.Release|x64.Build.0 = LIB Release|x64
		{209F95FC-FBB2-44D1-BCDF-3F9399A19DEE}.Release|x86.ActiveCfg = LIB Release|Win32
		{209F95FC-FBB2-44D1-BCDF-3F9399A19DEE}.Release|x86.Build.0 = LIB Release|Win32
		{4A5A6AAB-B7FE-4AD0-9DB1-A2112AC134D2}.Debug|x64.ActiveCfg = Debug|x64
		{4A5A6AAB-B7FE-4AD0-9DB1-A2112AC134D2}.Debug|x64.Build.0 = Debug|x64
		{4A5A6AAB-B7FE-4AD0-9DB1-A2112AC134D2}.Debug|x86.ActiveCfg = Debug|x86
		{4A5A6AAB-B7FE-4AD0-9DB1-A2112AC134D2}.Debug|x86.Build.0 = Debug|x86
		{4A5A6AAB-B7FE-4AD0-9DB1-A2112AC134D2}.Release|x64.ActiveCfg = Release|x64
		{4A5A6AAB-B7FE-4AD0-9DB1-A2112AC134D2}.Release|x64.Build.0 = Release|x64
		{4A5A6AAB-B7FE-4AD0-9DB1-A2112AC134D2}.Release|x86.ActiveCfg = Release|x86
		{4A5A6AAB-B7FE-4AD0-9DB1-A2112AC134D2}.Release|x86.Build.0 = Release|x86
		{EF85F72C-231A-440B-AB8A-DB23921254D1}.Debug|x64.ActiveCfg = Debug|x64
		{EF85F72C-231A-440B-AB8A-DB23921254D1}.Debug|x64.Build.0 = Debug|x64
		{EF85F72C-231A-440B-AB8A-DB23921254D1}.Debug|x86.ActiveCfg = Debug|x86
		{EF85F72C-231A-440B-AB8A-DB23921254D1}.Debug|x86.Build.0 = Debug|x86
		{EF85F72C-231A-440B-AB8A-DB23921254D1}.Release|x64.ActiveCfg = Release|x64
		{EF85F72C-231A-440B-AB8A-DB23921254D1}.Release|x64.Build.0 = Release|x64
		{EF85F72C-231A-440B-AB8A-DB23921254D1}.Release|x86.ActiveCfg = Release|x86
		{EF85F72C-231A-440B-AB8A-DB23921254D1}.Release|x86.Build.0 = Release|x86
	EndGlobalSection
	GlobalSection(SolutionProperties) = preSolution
		HideSolutionNode = FALSE
	EndGlobalSection
EndGlobal
